
Microsoft Visual Studio Solution File, Format Version 12.00
# Visual Studio Version 17
VisualStudioVersion = 17.9.34616.47
MinimumVisualStudioVersion = 10.0.40219.1
Project("{9A19103F-16F7-4668-BE54-9A1E7A4F7556}") = "Tourplanner.Tests", "Tourplanner.Tests.csproj", "{D21523FA-A183-43EC-901E-E57E4A302F6D}"
EndProject
Global
	GlobalSection(SolutionConfigurationPlatforms) = preSolution
		Debug|Any CPU = Debug|Any CPU
		Release|Any CPU = Release|Any CPU
	EndGlobalSection
	GlobalSection(ProjectConfigurationPlatforms) = postSolution
		{D21523FA-A183-43EC-901E-E57E4A302F6D}.Debug|Any CPU.ActiveCfg = Debug|Any CPU
		{D21523FA-A183-43EC-901E-E57E4A302F6D}.Debug|Any CPU.Build.0 = Debug|Any CPU
		{D21523FA-A183-43EC-901E-E57E4A302F6D}.Release|Any CPU.ActiveCfg = Release|Any CPU
		{D21523FA-A183-43EC-901E-E57E4A302F6D}.Release|Any CPU.Build.0 = Release|Any CPU
	EndGlobalSection
	GlobalSection(SolutionProperties) = preSolution
		HideSolutionNode = FALSE
	EndGlobalSection
	GlobalSection(ExtensibilityGlobals) = postSolution
		SolutionGuid = {847D268A-C8C6-46E3-8CE4-D26ED7689EF3}
	EndGlobalSection
EndGlobal
